// !$*UTF8*$!
{
	archiveVersion = 1;
	classes = {
	};
	objectVersion = 46;
	objects = {

/* Begin PBXBuildFile section */
		335EB9621EE542BB0029D168 /* main.m in Sources */ = {isa = PBXBuildFile; fileRef = 335EB9611EE542BB0029D168 /* main.m */; };
		335EB96A1EE542D70029D168 /* MPUserDefaults.m in Sources */ = {isa = PBXBuildFile; fileRef = 335EB9691EE542D70029D168 /* MPUserDefaults.m */; };
/* End PBXBuildFile section */

/* Begin PBXCopyFilesBuildPhase section */
		335EB95C1EE542BB0029D168 /* CopyFiles */ = {
			isa = PBXCopyFilesBuildPhase;
			buildActionMask = 2147483647;
			dstPath = /usr/share/man/man1/;
			dstSubfolderSpec = 0;
			files = (
			);
			runOnlyForDeploymentPostprocessing = 1;
		};
/* End PBXCopyFilesBuildPhase section */

/* Begin PBXFileReference section */
		335EB95E1EE542BB0029D168 /* MPUserDefaults */ = {isa = PBXFileReference; explicitFileType = "compiled.mach-o.executable"; includeInIndex = 0; path = MPUserDefaults; sourceTree = BUILT_PRODUCTS_DIR; };
		335EB9611EE542BB0029D168 /* main.m */ = {isa = PBXFileReference; lastKnownFileType = sourcecode.c.objc; path = main.m; sourceTree = "<group>"; };
		335EB9681EE542D70029D168 /* MPUserDefaults.h */ = {isa = PBXFileReference; fileEncoding = 4; lastKnownFileType = sourcecode.c.h; path = MPUserDefaults.h; sourceTree = "<group>"; };
		335EB9691EE542D70029D168 /* MPUserDefaults.m */ = {isa = PBXFileReference; fileEncoding = 4; lastKnownFileType = sourcecode.c.objc; path = MPUserDefaults.m; sourceTree = "<group>"; };
/* End PBXFileReference section */

/* Begin PBXFrameworksBuildPhase section */
		335EB95B1EE542BB0029D168 /* Frameworks */ = {
			isa = PBXFrameworksBuildPhase;
			buildActionMask = 2147483647;
			files = (
			);
			runOnlyForDeploymentPostprocessing = 0;
		};
/* End PBXFrameworksBuildPhase section */

/* Begin PBXGroup section */
		335EB9551EE542BB0029D168 = {
			isa = PBXGroup;
			children = (
				335EB9601EE542BB0029D168 /* MPUserDefaults */,
				335EB95F1EE542BB0029D168 /* Products */,
			);
			sourceTree = "<group>";
		};
		335EB95F1EE542BB0029D168 /* Products */ = {
			isa = PBXGroup;
			children = (
				335EB95E1EE542BB0029D168 /* MPUserDefaults */,
			);
			name = Products;
			sourceTree = "<group>";
		};
		335EB9601EE542BB0029D168 /* MPUserDefaults */ = {
			isa = PBXGroup;
			children = (
				335EB9611EE542BB0029D168 /* main.m */,
				335EB9681EE542D70029D168 /* MPUserDefaults.h */,
				335EB9691EE542D70029D168 /* MPUserDefaults.m */,
			);
			path = MPUserDefaults;
			sourceTree = "<group>";
		};
/* End PBXGroup section */

/* Begin PBXNativeTarget section */
		335EB95D1EE542BB0029D168 /* MPUserDefaults */ = {
			isa = PBXNativeTarget;
			buildConfigurationList = 335EB9651EE542BB0029D168 /* Build configuration list for PBXNativeTarget "MPUserDefaults" */;
			buildPhases = (
				335EB95A1EE542BB0029D168 /* Sources */,
				335EB95B1EE542BB0029D168 /* Frameworks */,
				335EB95C1EE542BB0029D168 /* CopyFiles */,
			);
			buildRules = (
			);
			dependencies = (
			);
			name = MPUserDefaults;
			productName = MPUserDefaults;
			productReference = 335EB95E1EE542BB0029D168 /* MPUserDefaults */;
			productType = "com.apple.product-type.tool";
		};
/* End PBXNativeTarget section */

/* Begin PBXProject section */
		335EB9561EE542BB0029D168 /* Project object */ = {
			isa = PBXProject;
			attributes = {
				LastUpgradeCheck = 0830;
				ORGANIZATIONNAME = HuiDragon;
				TargetAttributes = {
					335EB95D1EE542BB0029D168 = {
						CreatedOnToolsVersion = 8.3.2;
						DevelopmentTeam = M5XL9822J2;
						ProvisioningStyle = Automatic;
					};
				};
			};
			buildConfigurationList = 335EB9591EE542BB0029D168 /* Build configuration list for PBXProject "MPUserDefaults" */;
			compatibilityVersion = "Xcode 3.2";
			developmentRegion = English;
			hasScannedForEncodings = 0;
			knownRegions = (
				en,
			);
			mainGroup = 335EB9551EE542BB0029D168;
			productRefGroup = 335EB95F1EE542BB0029D168 /* Products */;
			projectDirPath = "";
			projectRoot = "";
			targets = (
				335EB95D1EE542BB0029D168 /* MPUserDefaults */,
			);
		};
/* End PBXProject section */

/* Begin PBXSourcesBuildPhase section */
		335EB95A1EE542BB0029D168 /* Sources */ = {
			isa = PBXSourcesBuildPhase;
			buildActionMask = 2147483647;
			files = (
				335EB9621EE542BB0029D168 /* main.m in Sources */,
				335EB96A1EE542D70029D168 /* MPUserDefaults.m in Sources */,
			);
			runOnlyForDeploymentPostprocessing = 0;
		};
/* End PBXSourcesBuildPhase section */

/* Begin XCBuildConfiguration section */
		335EB9631EE542BB0029D168 /* Debug */ = {
			isa = XCBuildConfiguration;
			buildSettings = {
				ALWAYS_SEARCH_USER_PATHS = NO;
				CLANG_ANALYZER_NONNULL = YES;
				CLANG_ANALYZER_NUMBER_OBJECT_CONVERSION = YES_AGGRESSIVE;
				CLANG_CXX_LANGUAGE_STANDARD = "gnu++0x";
				CLANG_CXX_LIBRARY = "libc++";
				CLANG_ENABLE_MODULES = YES;
				CLANG_ENABLE_OBJC_ARC = YES;
				CLANG_WARN_BOOL_CONVERSION = YES;
				CLANG_WARN_CONSTANT_CONVERSION = YES;
				CLANG_WARN_DIRECT_OBJC_ISA_USAGE = YES_ERROR;
				CLANG_WARN_DOCUMENTATION_COMMENTS = YES;
				CLANG_WARN_EMPTY_BODY = YES;
				CLANG_WARN_ENUM_CONVERSION = YES;
				CLANG_WARN_INFINITE_RECURSION = YES;
				CLANG_WARN_INT_CONVERSION = YES;
				CLANG_WARN_OBJC_ROOT_CLASS = YES_ERROR;
				CLANG_WARN_SUSPICIOUS_MOVE = YES;
				CLANG_WARN_UNREACHABLE_CODE = YES;
				CLANG_WARN__DUPLICATE_METHOD_MATCH = YES;
				CODE_SIGN_IDENTITY = "-";
				COPY_PHASE_STRIP = NO;
				DEBUG_INFORMATION_FORMAT = dwarf;
				ENABLE_STRICT_OBJC_MSGSEND = YES;
				ENABLE_TESTABILITY = YES;
				GCC_C_LANGUAGE_STANDARD = gnu99;
				GCC_DYNAMIC_NO_PIC = NO;
				GCC_NO_COMMON_BLOCKS = YES;
				GCC_OPTIMIZATION_LEVEL = 0;
				GCC_PREPROCESSOR_DEFINITIONS = (
					"DEBUG=1",
					"$(inherited)",
				);
				GCC_WARN_64_TO_32_BIT_CONVERSION = YES;
				GCC_WARN_ABOUT_RETURN_TYPE = YES_ERROR;
				GCC_WARN_UNDECLARED_SELECTOR = YES;
				GCC_WARN_UNINITIALIZED_AUTOS = YES_AGGRESSIVE;
				GCC_WARN_UNUSED_FUNCTION = YES;
				GCC_WARN_UNUSED_VARIABLE = YES;
				MACOSX_DEPLOYMENT_TARGET = 10.12;
				MTL_ENABLE_DEBUG_INFO = YES;
				ONLY_ACTIVE_ARCH = YES;
				SDKROOT = macosx;
			};
			name = Debug;
		};
		335EB9641EE542BB0029D168 /* Release */ = {
			isa = XCBuildConfiguration;
			buildSettings = {
				ALWAYS_SEARCH_USER_PATHS = NO;
				CLANG_ANALYZER_NONNULL = YES;
				CLANG_ANALYZER_NUMBER_OBJECT_CONVERSION = YES_AGGRESSIVE;
				CLANG_CXX_LANGUAGE_STANDARD = "gnu++0x";
				CLANG_CXX_LIBRARY = "libc++";
				CLANG_ENABLE_MODULES = YES;
				CLANG_ENABLE_OBJC_ARC = YES;
				CLANG_WARN_BOOL_CONVERSION = YES;
				CLANG_WARN_CONSTANT_CONVERSION = YES;
				CLANG_WARN_DIRECT_OBJC_ISA_USAGE = YES_ERROR;
				CLANG_WARN_DOCUMENTATION_COMMENTS = YES;
				CLANG_WARN_EMPTY_BODY = YES;
				CLANG_WARN_ENUM_CONVERSION = YES;
				CLANG_WARN_INFINITE_RECURSION = YES;
				CLANG_WARN_INT_CONVERSION = YES;
				CLANG_WARN_OBJC_ROOT_CLASS = YES_ERROR;
				CLANG_WARN_SUSPICIOUS_MOVE = YES;
				CLANG_WARN_UNREACHABLE_CODE = YES;
				CLANG_WARN__DUPLICATE_METHOD_MATCH = YES;
				CODE_SIGN_IDENTITY = "-";
				COPY_PHASE_STRIP = NO;
				DEBUG_INFORMATION_FORMAT = "dwarf-with-dsym";
				ENABLE_NS_ASSERTIONS = NO;
				ENABLE_STRICT_OBJC_MSGSEND = YES;
				GCC_C_LANGUAGE_STANDARD = gnu99;
				GCC_NO_COMMON_BLOCKS = YES;
				GCC_WARN_64_TO_32_BIT_CONVERSION = YES;
				GCC_WARN_ABOUT_RETURN_TYPE = YES_ERROR;
				GCC_WARN_UNDECLARED_SELECTOR = YES;
				GCC_WARN_UNINITIALIZED_AUTOS = YES_AGGRESSIVE;
				GCC_WARN_UNUSED_FUNCTION = YES;
				GCC_WARN_UNUSED_VARIABLE = YES;
				MACOSX_DEPLOYMENT_TARGET = 10.12;
				MTL_ENABLE_DEBUG_INFO = NO;
				SDKROOT = macosx;
			};
			name = Release;
		};
		335EB9661EE542BB0029D168 /* Debug */ = {
			isa = XCBuildConfiguration;
			buildSettings = {
				DEVELOPMENT_TEAM = M5XL9822J2;
				PRODUCT_NAME = "$(TARGET_NAME)";
			};
			name = Debug;
		};
		335EB9671EE542BB0029D168 /* Release */ = {
			isa = XCBuildConfiguration;
			buildSettings = {
				DEVELOPMENT_TEAM = M5XL9822J2;
				PRODUCT_NAME = "$(TARGET_NAME)";
			};
			name = Release;
		};
/* End XCBuildConfiguration section */

/* Begin XCConfigurationList section */
		335EB9591EE542BB0029D168 /* Build configuration list for PBXProject "MPUserDefaults" */ = {
			isa = XCConfigurationList;
			buildConfigurations = (
				335EB9631EE542BB0029D168 /* Debug */,
				335EB9641EE542BB0029D168 /* Release */,
			);
			defaultConfigurationIsVisible = 0;
			defaultConfigurationName = Release;
		};
		335EB9651EE542BB0029D168 /* Build configuration list for PBXNativeTarget "MPUserDefaults" */ = {
			isa = XCConfigurationList;
			buildConfigurations = (
				335EB9661EE542BB0029D168 /* Debug */,
				335EB9671EE542BB0029D168 /* Release */,
			);
			defaultConfigurationIsVisible = 0;
		};
/* End XCConfigurationList section */
	};
	rootObject = 335EB9561EE542BB0029D168 /* Project object */;
}
